{
  "name": "vivliostyleIdyerDict",
  "lockfileVersion": 3,
  "requires": true,
  "packages": {
    "": {
      "dependencies": {
        "akrantiain": "^1.2.1"
      }
    },
    "node_modules/akrantiain": {
      "version": "1.2.1",
      "resolved": "https://registry.npmjs.org/akrantiain/-/akrantiain-1.2.1.tgz",
      "integrity": "sha512-qtLnm0MfZR9GwsRu54cWkkAd5WytG+XWGT4ycJymBXt01WSb/RtnDt+Mt4wGuccbuvnzyrtuYPRBiIo/JO7SGA==",
      "dependencies": {
        "codemirror": "^5.58.1",
        "parsimmon": "^1.16.0"
      }
    },
    "node_modules/codemirror": {
      "version": "5.65.13",
      "resolved": "https://registry.npmjs.org/codemirror/-/codemirror-5.65.13.tgz",
      "integrity": "sha512-SVWEzKXmbHmTQQWaz03Shrh4nybG0wXx2MEu3FO4ezbPW8IbnZEd5iGHGEffSUaitKYa3i+pHpBsSvw8sPHtzg=="
    },
    "node_modules/parsimmon": {
      "version": "1.18.1",
      "resolved": "https://registry.npmjs.org/parsimmon/-/parsimmon-1.18.1.tgz",
      "integrity": "sha512-u7p959wLfGAhJpSDJVYXoyMCXWYwHia78HhRBWqk7AIbxdmlrfdp5wX0l3xv/iTSH5HvhN9K7o26hwwpgS5Nmw=="
    }
  }
}
